// !$*UTF8*$!
{
	archiveVersion = 1;
	classes = {
	};
	objectVersion = 46;
	objects = {

/* Begin PBXBuildFile section */
		5BBBD7C81C1F551E0014CCEE /* AppDelegate.swift in Sources */ = {isa = PBXBuildFile; fileRef = 5BBBD7C71C1F551E0014CCEE /* AppDelegate.swift */; };
		5BBBD7CA1C1F551E0014CCEE /* ViewController.swift in Sources */ = {isa = PBXBuildFile; fileRef = 5BBBD7C91C1F551E0014CCEE /* ViewController.swift */; };
		5BBBD7CD1C1F551E0014CCEE /* Main.storyboard in Resources */ = {isa = PBXBuildFile; fileRef = 5BBBD7CB1C1F551E0014CCEE /* Main.storyboard */; };
		5BBBD7CF1C1F551E0014CCEE /* Assets.xcassets in Resources */ = {isa = PBXBuildFile; fileRef = 5BBBD7CE1C1F551E0014CCEE /* Assets.xcassets */; };
		5BBBD7D21C1F551E0014CCEE /* LaunchScreen.storyboard in Resources */ = {isa = PBXBuildFile; fileRef = 5BBBD7D01C1F551E0014CCEE /* LaunchScreen.storyboard */; };
		5BBBD7DD1C1F551E0014CCEE /* SlidePuzzleTests.swift in Sources */ = {isa = PBXBuildFile; fileRef = 5BBBD7DC1C1F551E0014CCEE /* SlidePuzzleTests.swift */; };
/* End PBXBuildFile section */

/* Begin PBXContainerItemProxy section */
		5BBBD7D91C1F551E0014CCEE /* PBXContainerItemProxy */ = {
			isa = PBXContainerItemProxy;
			containerPortal = 5BBBD7BC1C1F551E0014CCEE /* Project object */;
			proxyType = 1;
			remoteGlobalIDString = 5BBBD7C31C1F551E0014CCEE;
			remoteInfo = SlidePuzzle;
		};
/* End PBXContainerItemProxy section */

/* Begin PBXFileReference section */
		5BBBD7C41C1F551E0014CCEE /* SlidePuzzle.app */ = {isa = PBXFileReference; explicitFileType = wrapper.application; includeInIndex = 0; path = SlidePuzzle.app; sourceTree = BUILT_PRODUCTS_DIR; };
		5BBBD7C71C1F551E0014CCEE /* AppDelegate.swift */ = {isa = PBXFileReference; lastKnownFileType = sourcecode.swift; path = AppDelegate.swift; sourceTree = "<group>"; };
		5BBBD7C91C1F551E0014CCEE /* ViewController.swift */ = {isa = PBXFileReference; lastKnownFileType = sourcecode.swift; path = ViewController.swift; sourceTree = "<group>"; };
		5BBBD7CC1C1F551E0014CCEE /* Base */ = {isa = PBXFileReference; lastKnownFileType = file.storyboard; name = Base; path = Base.lproj/Main.storyboard; sourceTree = "<group>"; };
		5BBBD7CE1C1F551E0014CCEE /* Assets.xcassets */ = {isa = PBXFileReference; lastKnownFileType = folder.assetcatalog; path = Assets.xcassets; sourceTree = "<group>"; };
		5BBBD7D11C1F551E0014CCEE /* Base */ = {isa = PBXFileReference; lastKnownFileType = file.storyboard; name = Base; path = Base.lproj/LaunchScreen.storyboard; sourceTree = "<group>"; };
		5BBBD7D31C1F551E0014CCEE /* Info.plist */ = {isa = PBXFileReference; lastKnownFileType = text.plist.xml; path = Info.plist; sourceTree = "<group>"; };
		5BBBD7D81C1F551E0014CCEE /* SlidePuzzleTests.xctest */ = {isa = PBXFileReference; explicitFileType = wrapper.cfbundle; includeInIndex = 0; path = SlidePuzzleTests.xctest; sourceTree = BUILT_PRODUCTS_DIR; };
		5BBBD7DC1C1F551E0014CCEE /* SlidePuzzleTests.swift */ = {isa = PBXFileReference; lastKnownFileType = sourcecode.swift; path = SlidePuzzleTests.swift; sourceTree = "<group>"; };
		5BBBD7DE1C1F551E0014CCEE /* Info.plist */ = {isa = PBXFileReference; lastKnownFileType = text.plist.xml; path = Info.plist; sourceTree = "<group>"; };
/* End PBXFileReference section */

/* Begin PBXFrameworksBuildPhase section */
		5BBBD7C11C1F551E0014CCEE /* Frameworks */ = {
			isa = PBXFrameworksBuildPhase;
			buildActionMask = 2147483647;
			files = (
			);
			runOnlyForDeploymentPostprocessing = 0;
		};
		5BBBD7D51C1F551E0014CCEE /* Frameworks */ = {
			isa = PBXFrameworksBuildPhase;
			buildActionMask = 2147483647;
			files = (
			);
			runOnlyForDeploymentPostprocessing = 0;
		};
/* End PBXFrameworksBuildPhase section */

/* Begin PBXGroup section */
		5BBBD7BB1C1F551E0014CCEE = {
			isa = PBXGroup;
			children = (
				5BBBD7C61C1F551E0014CCEE /* SlidePuzzle */,
				5BBBD7DB1C1F551E0014CCEE /* SlidePuzzleTests */,
				5BBBD7C51C1F551E0014CCEE /* Products */,
			);
			sourceTree = "<group>";
		};
		5BBBD7C51C1F551E0014CCEE /* Products */ = {
			isa = PBXGroup;
			children = (
				5BBBD7C41C1F551E0014CCEE /* SlidePuzzle.app */,
				5BBBD7D81C1F551E0014CCEE /* SlidePuzzleTests.xctest */,
			);
			name = Products;
			sourceTree = "<group>";
		};
		5BBBD7C61C1F551E0014CCEE /* SlidePuzzle */ = {
			isa = PBXGroup;
			children = (
				5BBBD7C71C1F551E0014CCEE /* AppDelegate.swift */,
				5BBBD7C91C1F551E0014CCEE /* ViewController.swift */,
				5BBBD7CB1C1F551E0014CCEE /* Main.storyboard */,
				5BBBD7CE1C1F551E0014CCEE /* Assets.xcassets */,
				5BBBD7D01C1F551E0014CCEE /* LaunchScreen.storyboard */,
				5BBBD7D31C1F551E0014CCEE /* Info.plist */,
			);
			path = SlidePuzzle;
			sourceTree = "<group>";
		};
		5BBBD7DB1C1F551E0014CCEE /* SlidePuzzleTests */ = {
			isa = PBXGroup;
			children = (
				5BBBD7DC1C1F551E0014CCEE /* SlidePuzzleTests.swift */,
				5BBBD7DE1C1F551E0014CCEE /* Info.plist */,
			);
			path = SlidePuzzleTests;
			sourceTree = "<group>";
		};
/* End PBXGroup section */

/* Begin PBXNativeTarget section */
		5BBBD7C31C1F551E0014CCEE /* SlidePuzzle */ = {
			isa = PBXNativeTarget;
			buildConfigurationList = 5BBBD7E11C1F551E0014CCEE /* Build configuration list for PBXNativeTarget "SlidePuzzle" */;
			buildPhases = (
				5BBBD7C01C1F551E0014CCEE /* Sources */,
				5BBBD7C11C1F551E0014CCEE /* Frameworks */,
				5BBBD7C21C1F551E0014CCEE /* Resources */,
			);
			buildRules = (
			);
			dependencies = (
			);
			name = SlidePuzzle;
			productName = SlidePuzzle;
			productReference = 5BBBD7C41C1F551E0014CCEE /* SlidePuzzle.app */;
			productType = "com.apple.product-type.application";
		};
		5BBBD7D71C1F551E0014CCEE /* SlidePuzzleTests */ = {
			isa = PBXNativeTarget;
			buildConfigurationList = 5BBBD7E41C1F551E0014CCEE /* Build configuration list for PBXNativeTarget "SlidePuzzleTests" */;
			buildPhases = (
				5BBBD7D41C1F551E0014CCEE /* Sources */,
				5BBBD7D51C1F551E0014CCEE /* Frameworks */,
				5BBBD7D61C1F551E0014CCEE /* Resources */,
			);
			buildRules = (
			);
			dependencies = (
				5BBBD7DA1C1F551E0014CCEE /* PBXTargetDependency */,
			);
			name = SlidePuzzleTests;
			productName = SlidePuzzleTests;
			productReference = 5BBBD7D81C1F551E0014CCEE /* SlidePuzzleTests.xctest */;
			productType = "com.apple.product-type.bundle.unit-test";
		};
/* End PBXNativeTarget section */

/* Begin PBXProject section */
		5BBBD7BC1C1F551E0014CCEE /* Project object */ = {
			isa = PBXProject;
			attributes = {
				LastSwiftUpdateCheck = 0720;
				LastUpgradeCheck = 0720;
				ORGANIZATIONNAME = "Jaap Mengers";
				TargetAttributes = {
					5BBBD7C31C1F551E0014CCEE = {
						CreatedOnToolsVersion = 7.2;
						DevelopmentTeam = 4U9L253R5Z;
					};
					5BBBD7D71C1F551E0014CCEE = {
						CreatedOnToolsVersion = 7.2;
						TestTargetID = 5BBBD7C31C1F551E0014CCEE;
					};
				};
			};
			buildConfigurationList = 5BBBD7BF1C1F551E0014CCEE /* Build configuration list for PBXProject "SlidePuzzle" */;
			compatibilityVersion = "Xcode 3.2";
			developmentRegion = English;
			hasScannedForEncodings = 0;
			knownRegions = (
				en,
				Base,
			);
			mainGroup = 5BBBD7BB1C1F551E0014CCEE;
			productRefGroup = 5BBBD7C51C1F551E0014CCEE /* Products */;
			projectDirPath = "";
			projectRoot = "";
			targets = (
				5BBBD7C31C1F551E0014CCEE /* SlidePuzzle */,
				5BBBD7D71C1F551E0014CCEE /* SlidePuzzleTests */,
			);
		};
/* End PBXProject section */

/* Begin PBXResourcesBuildPhase section */
		5BBBD7C21C1F551E0014CCEE /* Resources */ = {
			isa = PBXResourcesBuildPhase;
			buildActionMask = 2147483647;
			files = (
				5BBBD7D21C1F551E0014CCEE /* LaunchScreen.storyboard in Resources */,
				5BBBD7CF1C1F551E0014CCEE /* Assets.xcassets in Resources */,
				5BBBD7CD1C1F551E0014CCEE /* Main.storyboard in Resources */,
			);
			runOnlyForDeploymentPostprocessing = 0;
		};
		5BBBD7D61C1F551E0014CCEE /* Resources */ = {
			isa = PBXResourcesBuildPhase;
			buildActionMask = 2147483647;
			files = (
			);
			runOnlyForDeploymentPostprocessing = 0;
		};
/* End PBXResourcesBuildPhase section */

/* Begin PBXSourcesBuildPhase section */
		5BBBD7C01C1F551E0014CCEE /* Sources */ = {
			isa = PBXSourcesBuildPhase;
			buildActionMask = 2147483647;
			files = (
				5BBBD7CA1C1F551E0014CCEE /* ViewController.swift in Sources */,
				5BBBD7C81C1F551E0014CCEE /* AppDelegate.swift in Sources */,
			);
			runOnlyForDeploymentPostprocessing = 0;
		};
		5BBBD7D41C1F551E0014CCEE /* Sources */ = {
			isa = PBXSourcesBuildPhase;
			buildActionMask = 2147483647;
			files = (
				5BBBD7DD1C1F551E0014CCEE /* SlidePuzzleTests.swift in Sources */,
			);
			runOnlyForDeploymentPostprocessing = 0;
		};
/* End PBXSourcesBuildPhase section */

/* Begin PBXTargetDependency section */
		5BBBD7DA1C1F551E0014CCEE /* PBXTargetDependency */ = {
			isa = PBXTargetDependency;
			target = 5BBBD7C31C1F551E0014CCEE /* SlidePuzzle */;
			targetProxy = 5BBBD7D91C1F551E0014CCEE /* PBXContainerItemProxy */;
		};
/* End PBXTargetDependency section */

/* Begin PBXVariantGroup section */
		5BBBD7CB1C1F551E0014CCEE /* Main.storyboard */ = {
			isa = PBXVariantGroup;
			children = (
				5BBBD7CC1C1F551E0014CCEE /* Base */,
			);
			name = Main.storyboard;
			sourceTree = "<group>";
		};
		5BBBD7D01C1F551E0014CCEE /* LaunchScreen.storyboard */ = {
			isa = PBXVariantGroup;
			children = (
				5BBBD7D11C1F551E0014CCEE /* Base */,
			);
			name = LaunchScreen.storyboard;
			sourceTree = "<group>";
		};
/* End PBXVariantGroup section */

/* Begin XCBuildConfiguration section */
		5BBBD7DF1C1F551E0014CCEE /* Debug */ = {
			isa = XCBuildConfiguration;
			buildSettings = {
				ALWAYS_SEARCH_USER_PATHS = NO;
				CLANG_CXX_LANGUAGE_STANDARD = "gnu++0x";
				CLANG_CXX_LIBRARY = "libc++";
				CLANG_ENABLE_MODULES = YES;
				CLANG_ENABLE_OBJC_ARC = YES;
				CLANG_WARN_BOOL_CONVERSION = YES;
				CLANG_WARN_CONSTANT_CONVERSION = YES;
				CLANG_WARN_DIRECT_OBJC_ISA_USAGE = YES_ERROR;
				CLANG_WARN_EMPTY_BODY = YES;
				CLANG_WARN_ENUM_CONVERSION = YES;
				CLANG_WARN_INT_CONVERSION = YES;
				CLANG_WARN_OBJC_ROOT_CLASS = YES_ERROR;
				CLANG_WARN_UNREACHABLE_CODE = YES;
				CLANG_WARN__DUPLICATE_METHOD_MATCH = YES;
				"CODE_SIGN_IDENTITY[sdk=iphoneos*]" = "iPhone Developer";
				COPY_PHASE_STRIP = NO;
				DEBUG_INFORMATION_FORMAT = dwarf;
				ENABLE_STRICT_OBJC_MSGSEND = YES;
				ENABLE_TESTABILITY = YES;
				GCC_C_LANGUAGE_STANDARD = gnu99;
				GCC_DYNAMIC_NO_PIC = NO;
				GCC_NO_COMMON_BLOCKS = YES;
				GCC_OPTIMIZATION_LEVEL = 0;
				GCC_PREPROCESSOR_DEFINITIONS = (
					"DEBUG=1",
					"$(inherited)",
				);
				GCC_WARN_64_TO_32_BIT_CONVERSION = YES;
				GCC_WARN_ABOUT_RETURN_TYPE = YES_ERROR;
				GCC_WARN_UNDECLARED_SELECTOR = YES;
				GCC_WARN_UNINITIALIZED_AUTOS = YES_AGGRESSIVE;
				GCC_WARN_UNUSED_FUNCTION = YES;
				GCC_WARN_UNUSED_VARIABLE = YES;
				IPHONEOS_DEPLOYMENT_TARGET = 9.2;
				MTL_ENABLE_DEBUG_INFO = YES;
				ONLY_ACTIVE_ARCH = YES;
				SDKROOT = iphoneos;
				SWIFT_OPTIMIZATION_LEVEL = "-Onone";
				TARGETED_DEVICE_FAMILY = "1,2";
			};
			name = Debug;
		};
		5BBBD7E01C1F551E0014CCEE /* Release */ = {
			isa = XCBuildConfiguration;
			buildSettings = {
				ALWAYS_SEARCH_USER_PATHS = NO;
				CLANG_CXX_LANGUAGE_STANDARD = "gnu++0x";
				CLANG_CXX_LIBRARY = "libc++";
				CLANG_ENABLE_MODULES = YES;
				CLANG_ENABLE_OBJC_ARC = YES;
				CLANG_WARN_BOOL_CONVERSION = YES;
				CLANG_WARN_CONSTANT_CONVERSION = YES;
				CLANG_WARN_DIRECT_OBJC_ISA_USAGE = YES_ERROR;
				CLANG_WARN_EMPTY_BODY = YES;
				CLANG_WARN_ENUM_CONVERSION = YES;
				CLANG_WARN_INT_CONVERSION = YES;
				CLANG_WARN_OBJC_ROOT_CLASS = YES_ERROR;
				CLANG_WARN_UNREACHABLE_CODE = YES;
				CLANG_WARN__DUPLICATE_METHOD_MATCH = YES;
				"CODE_SIGN_IDENTITY[sdk=iphoneos*]" = "iPhone Developer";
				COPY_PHASE_STRIP = NO;
				DEBUG_INFORMATION_FORMAT = "dwarf-with-dsym";
				ENABLE_NS_ASSERTIONS = NO;
				ENABLE_STRICT_OBJC_MSGSEND = YES;
				GCC_C_LANGUAGE_STANDARD = gnu99;
				GCC_NO_COMMON_BLOCKS = YES;
				GCC_WARN_64_TO_32_BIT_CONVERSION = YES;
				GCC_WARN_ABOUT_RETURN_TYPE = YES_ERROR;
				GCC_WARN_UNDECLARED_SELECTOR = YES;
				GCC_WARN_UNINITIALIZED_AUTOS = YES_AGGRESSIVE;
				GCC_WARN_UNUSED_FUNCTION = YES;
				GCC_WARN_UNUSED_VARIABLE = YES;
				IPHONEOS_DEPLOYMENT_TARGET = 9.2;
				MTL_ENABLE_DEBUG_INFO = NO;
				SDKROOT = iphoneos;
				TARGETED_DEVICE_FAMILY = "1,2";
				VALIDATE_PRODUCT = YES;
			};
			name = Release;
		};
		5BBBD7E21C1F551E0014CCEE /* Debug */ = {
			isa = XCBuildConfiguration;
			buildSettings = {
				ASSETCATALOG_COMPILER_APPICON_NAME = AppIcon;
				CODE_SIGN_IDENTITY = "iPhone Developer";
				"CODE_SIGN_IDENTITY[sdk=iphoneos*]" = "iPhone Developer";
				INFOPLIST_FILE = SlidePuzzle/Info.plist;
				LD_RUNPATH_SEARCH_PATHS = "$(inherited) @executable_path/Frameworks";
				PRODUCT_BUNDLE_IDENTIFIER = com.jaapmengers.SlidePuzzle;
				PRODUCT_NAME = "$(TARGET_NAME)";
				PROVISIONING_PROFILE = "";
			};
			name = Debug;
		};
		5BBBD7E31C1F551E0014CCEE /* Release */ = {
			isa = XCBuildConfiguration;
			buildSettings = {
				ASSETCATALOG_COMPILER_APPICON_NAME = AppIcon;
				CODE_SIGN_IDENTITY = "iPhone Developer";
				"CODE_SIGN_IDENTITY[sdk=iphoneos*]" = "iPhone Developer";
				INFOPLIST_FILE = SlidePuzzle/Info.plist;
				LD_RUNPATH_SEARCH_PATHS = "$(inherited) @executable_path/Frameworks";
				PRODUCT_BUNDLE_IDENTIFIER = com.jaapmengers.SlidePuzzle;
				PRODUCT_NAME = "$(TARGET_NAME)";
				PROVISIONING_PROFILE = "";
			};
			name = Release;
		};
		5BBBD7E51C1F551E0014CCEE /* Debug */ = {
			isa = XCBuildConfiguration;
			buildSettings = {
				BUNDLE_LOADER = "$(TEST_HOST)";
				INFOPLIST_FILE = SlidePuzzleTests/Info.plist;
				LD_RUNPATH_SEARCH_PATHS = "$(inherited) @executable_path/Frameworks @loader_path/Frameworks";
				PRODUCT_BUNDLE_IDENTIFIER = com.jaapmengers.SlidePuzzleTests;
				PRODUCT_NAME = "$(TARGET_NAME)";
				TEST_HOST = "$(BUILT_PRODUCTS_DIR)/SlidePuzzle.app/SlidePuzzle";
			};
			name = Debug;
		};
		5BBBD7E61C1F551E0014CCEE /* Release */ = {
			isa = XCBuildConfiguration;
			buildSettings = {
				BUNDLE_LOADER = "$(TEST_HOST)";
				INFOPLIST_FILE = SlidePuzzleTests/Info.plist;
				LD_RUNPATH_SEARCH_PATHS = "$(inherited) @executable_path/Frameworks @loader_path/Frameworks";
				PRODUCT_BUNDLE_IDENTIFIER = com.jaapmengers.SlidePuzzleTests;
				PRODUCT_NAME = "$(TARGET_NAME)";
				TEST_HOST = "$(BUILT_PRODUCTS_DIR)/SlidePuzzle.app/SlidePuzzle";
			};
			name = Release;
		};
/* End XCBuildConfiguration section */

/* Begin XCConfigurationList section */
		5BBBD7BF1C1F551E0014CCEE /* Build configuration list for PBXProject "SlidePuzzle" */ = {
			isa = XCConfigurationList;
			buildConfigurations = (
				5BBBD7DF1C1F551E0014CCEE /* Debug */,
				5BBBD7E01C1F551E0014CCEE /* Release */,
			);
			defaultConfigurationIsVisible = 0;
			defaultConfigurationName = Release;
		};
		5BBBD7E11C1F551E0014CCEE /* Build configuration list for PBXNativeTarget "SlidePuzzle" */ = {
			isa = XCConfigurationList;
			buildConfigurations = (
				5BBBD7E21C1F551E0014CCEE /* Debug */,
				5BBBD7E31C1F551E0014CCEE /* Release */,
			);
			defaultConfigurationIsVisible = 0;
			defaultConfigurationName = Release;
		};
		5BBBD7E41C1F551E0014CCEE /* Build configuration list for PBXNativeTarget "SlidePuzzleTests" */ = {
			isa = XCConfigurationList;
			buildConfigurations = (
				5BBBD7E51C1F551E0014CCEE /* Debug */,
				5BBBD7E61C1F551E0014CCEE /* Release */,
			);
			defaultConfigurationIsVisible = 0;
			defaultConfigurationName = Release;
		};
/* End XCConfigurationList section */
	};
	rootObject = 5BBBD7BC1C1F551E0014CCEE /* Project object */;
}
